PODS:
  - Firebase/Analytics (6.30.0):
    - Firebase/Core
  - Firebase/Auth (6.30.0):
    - Firebase/CoreOnly
    - FirebaseAuth (~> 6.8.0)
  - Firebase/Core (6.30.0):
    - Firebase/CoreOnly
    - FirebaseAnalytics (= 6.7.2)
  - Firebase/CoreOnly (6.30.0):
    - FirebaseCore (= 6.10.0)
  - FirebaseAnalytics (6.7.2):
    - FirebaseCore (~> 6.8)
    - FirebaseInstallations (~> 1.4)
    - GoogleAppMeasurement (= 6.7.2)
    - GoogleUtilities/AppDelegateSwizzler (~> 6.7)
    - GoogleUtilities/MethodSwizzler (~> 6.7)
    - GoogleUtilities/Network (~> 6.7)
    - "GoogleUtilities/NSData+zlib (~> 6.7)"
    - nanopb (~> 1.30905.0)
  - FirebaseAuth (6.8.0):
    - FirebaseCore (~> 6.10)
    - GoogleUtilities/AppDelegateSwizzler (~> 6.7)
    - GoogleUtilities/Environment (~> 6.7)
    - GTMSessionFetcher/Core (~> 1.1)
  - FirebaseCore (6.10.0):
    - FirebaseCoreDiagnostics (~> 1.3)
    - GoogleUtilities/Environment (~> 6.7)
    - GoogleUtilities/Logger (~> 6.7)
  - FirebaseCoreDiagnostics (1.5.0):
    - GoogleDataTransport (~> 7.0)
    - GoogleUtilities/Environment (~> 6.7)
    - GoogleUtilities/Logger (~> 6.7)
    - nanopb (~> 1.30905.0)
  - FirebaseInstallations (1.6.0):
    - FirebaseCore (~> 6.10)
    - GoogleUtilities/Environment (~> 6.7)
    - GoogleUtilities/UserDefaults (~> 6.7)
    - PromisesObjC (~> 1.2)
  - GoogleAppMeasurement (6.7.2):
    - GoogleUtilities/AppDelegateSwizzler (~> 6.7)
    - GoogleUtilities/MethodSwizzler (~> 6.7)
    - GoogleUtilities/Network (~> 6.7)
    - "GoogleUtilities/NSData+zlib (~> 6.7)"
    - nanopb (~> 1.30905.0)
  - GoogleDataTransport (7.2.0):
    - nanopb (~> 1.30905.0)
  - GoogleMLKit/MLKitCore (0.63.0):
    - MLKitCommon (~> 0.63.0)
  - GoogleMLKit/PoseDetection (0.63.0):
    - GoogleMLKit/MLKitCore
    - MLKitPoseDetection (~> 0.63.0)
  - GoogleToolboxForMac/DebugUtils (2.2.2):
    - GoogleToolboxForMac/Defines (= 2.2.2)
  - GoogleToolboxForMac/Defines (2.2.2)
  - GoogleToolboxForMac/Logger (2.2.2):
    - GoogleToolboxForMac/Defines (= 2.2.2)
  - "GoogleToolboxForMac/NSData+zlib (2.2.2)":
    - GoogleToolboxForMac/Defines (= 2.2.2)
  - "GoogleToolboxForMac/NSDictionary+URLArguments (2.2.2)":
    - GoogleToolboxForMac/DebugUtils (= 2.2.2)
    - GoogleToolboxForMac/Defines (= 2.2.2)
    - "GoogleToolboxForMac/NSString+URLArguments (= 2.2.2)"
  - "GoogleToolboxForMac/NSString+URLArguments (2.2.2)"
  - GoogleUtilities/AppDelegateSwizzler (6.7.2):
    - GoogleUtilities/Environment
    - GoogleUtilities/Logger
    - GoogleUtilities/Network
  - GoogleUtilities/Environment (6.7.2):
    - PromisesObjC (~> 1.2)
  - GoogleUtilities/Logger (6.7.2):
    - GoogleUtilities/Environment
  - GoogleUtilities/MethodSwizzler (6.7.2):
    - GoogleUtilities/Logger
  - GoogleUtilities/Network (6.7.2):
    - GoogleUtilities/Logger
    - "GoogleUtilities/NSData+zlib"
    - GoogleUtilities/Reachability
  - "GoogleUtilities/NSData+zlib (6.7.2)"
  - GoogleUtilities/Reachability (6.7.2):
    - GoogleUtilities/Logger
  - GoogleUtilities/UserDefaults (6.7.2):
    - GoogleUtilities/Logger
  - GoogleUtilitiesComponents (1.0.0):
    - GoogleUtilities/Logger
  - GTMSessionFetcher/Core (1.4.0)
  - MLKitCommon (0.63.0):
    - GoogleDataTransport (~> 7.0)
    - GoogleToolboxForMac/Logger (~> 2.1)
    - "GoogleToolboxForMac/NSData+zlib (~> 2.1)"
    - "GoogleToolboxForMac/NSDictionary+URLArguments (~> 2.1)"
    - GoogleUtilities/UserDefaults (~> 6.0)
    - GoogleUtilitiesComponents (~> 1.0)
    - GTMSessionFetcher/Core (~> 1.1)
    - Protobuf (~> 3.12)
  - MLKitPoseDetection (0.63.0):
    - MLKitCommon (~> 0.63)
    - MLKitXenoCommon (~> 0.63)
  - MLKitVision (0.63.0):
    - GoogleToolboxForMac/Logger (~> 2.1)
    - "GoogleToolboxForMac/NSData+zlib (~> 2.1)"
    - GTMSessionFetcher/Core (~> 1.1)
    - MLKitCommon (~> 0.63)
    - Protobuf (~> 3.12)
  - MLKitXenoCommon (0.63.0):
    - MLKitCommon (~> 0.63)
    - MLKitVision (~> 0.63)
  - nanopb (1.30905.0):
    - nanopb/decode (= 1.30905.0)
    - nanopb/encode (= 1.30905.0)
  - nanopb/decode (1.30905.0)
  - nanopb/encode (1.30905.0)
  - PromisesObjC (1.2.10)
  - Protobuf (3.13.0)
  - SwiftSpinner (2.1.0)

DEPENDENCIES:
  - Firebase/Analytics
  - Firebase/Auth
  - GoogleMLKit/PoseDetection
  - SwiftSpinner

SPEC REPOS:
  trunk:
    - Firebase
    - FirebaseAnalytics
    - FirebaseAuth
    - FirebaseCore
    - FirebaseCoreDiagnostics
    - FirebaseInstallations
    - GoogleAppMeasurement
    - GoogleDataTransport
    - GoogleMLKit
    - GoogleToolboxForMac
    - GoogleUtilities
    - GoogleUtilitiesComponents
    - GTMSessionFetcher
    - MLKitCommon
    - MLKitPoseDetection
    - MLKitVision
    - MLKitXenoCommon
    - nanopb
    - PromisesObjC
    - Protobuf
    - SwiftSpinner

SPEC CHECKSUMS:
  Firebase: 210f41ca352067d83b1ba4fd2e7fb49a0c017397
  FirebaseAnalytics: a299a86ef70fcc6aa011418bc65a7e101fb9636c
  FirebaseAuth: 300433de340c1b058dbb8aec224a3f1bcfda5184
  FirebaseCore: 9a41e2de78fef10f63cee30ab10e2945266bc1fc
  FirebaseCoreDiagnostics: 7535fe695737f8c5b350584292a70b7f8ff0357b
  FirebaseInstallations: 45f9d44d3a8d6f780fa337ee8987dad87210fcbc
  GoogleAppMeasurement: 3def7652b1f5b5a576178dc332e2a36a260fbef6
  GoogleDataTransport: 672fb0ce96fe7f7f31d43672fca62ad2c9c86f7b
  GoogleMLKit: 99fc8402693f034ecea567485af4de2bbb3ca108
  GoogleToolboxForMac: 800648f8b3127618c1b59c7f97684427630c5ea3
  GoogleUtilities: 7f2f5a07f888cdb145101d6042bc4422f57e70b3
  GoogleUtilitiesComponents: a69c0b3b369ba443e988141e75ef49d9010b1c80
  GTMSessionFetcher: 6f5c8abbab8a9bce4bb3f057e317728ec6182b10
  MLKitCommon: fc574613b15b3c61056f1f2c2277397bf8e1eeda
  MLKitPoseDetection: 3511e9d7f8cd7edb7b4ae9fabf02c3f5a0565a78
  MLKitVision: e5c375d316ffe7f08bf9be06126002a156318d90
  MLKitXenoCommon: 1c0867797401244cf4fdb32df35b5d5759762102
  nanopb: c43f40fadfe79e8b8db116583945847910cbabc9
  PromisesObjC: b14b1c6b68e306650688599de8a45e49fae81151
  Protobuf: 3dac39b34a08151c6d949560efe3f86134a3f748
  SwiftSpinner: 0f15c006307f8d8bbac075638927ec1361b565d7

PODFILE CHECKSUM: 7155a9eb752e48b8e8d49c409f894fccf8530979

COCOAPODS: 1.9.3
